version = 1
revision = 3
requires-python = ">=3.14"

[[package]]
name = "anyio"
version = "4.14.2"
source = { registry = "https://pypi.org/simple" }
dependencies = [
    { name = "idna" },
]
sdist = { url = "https://files.pythonhosted.org/packages/61/cc/a381afa6efea9f496eff839d4a6a1aed3bfafc7b3ab4b0d1b243a12573dd/anyio-4.14.2.tar.gz", hash = "sha256:cfa139f3ed1a23ee8f88a145ddb5ac7605b8bbfd8592baacd7ce3d8bb4313c7f", size = 260176, upload-time = "2026-07-12T20:29:07.082Z" }
wheels = [
    { url = "https://files.pythonhosted.org/packages/da/35/f2287558c17e29fafc8ef3daf819bb9834061cfa43bff8014f7df7f63bdc/anyio-4.14.2-py3-none-any.whl", hash = "sha256:9f505dda5ac9f0c8309b5e8bd445a8c2bf7246f3ce950121e45ea15bc41d1494", size = 125813, upload-time = "2026-07-12T20:29:05.763Z" },
]

[[package]]
name = "certifi"
version = "2026.7.22"
source = { registry = "https://pypi.org/simple" }
sdist = { url = "https://files.pythonhosted.org/packages/a3/c2/24167ea9858356b47a87a50d39908bfdb72ceeefe0041586e704e5376b3a/certifi-2026.7.22.tar.gz", hash = "sha256:741e2c3b351ddf169a738da9f2c048608ff7f2c5cc02f1ebc6b118bb090d5d55", size = 138112, upload-time = "2026-07-22T03:35:12.644Z" }
wheels = [
    { url = "https://files.pythonhosted.org/packages/0b/a7/71ac2cff56fec219ed242bb11b8efb69fcc4bec75db06fb7bfe35de520e6/certifi-2026.7.22-py3-none-any.whl", hash = "sha256:62f22742b58a1a33014a2b6b706588a8d7e2a88ae7bd1a6ebe8c992928483775", size = 136983, upload-time = "2026-07-22T03:35:11.276Z" },
]

[[package]]
name = "colorama"
version = "0.4.6"
source = { registry = "https://pypi.org/simple" }
sdist = { url = "https://files.pythonhosted.org/packages/d8/53/6f443c9a4a8358a93a6792e2acffb9d9d5cb0a5cfd8802644b7b1c9a02e4/colorama-0.4.6.tar.gz", hash = "sha256:08695f5cb7ed6e0531a20572697297273c47b8cae5a63ffc6d6ed5c201be6e44", size = 27697, upload-time = "2022-10-25T02:36:22.414Z" }
wheels = [
    { url = "https://files.pythonhosted.org/packages/d1/d6/3965ed04c63042e047cb6a3e6ed1a63a35087b6a609aa3a15ed8ac56c221/colorama-0.4.6-py2.py3-none-any.whl", hash = "sha256:4f1d9991f5acc0ca119f9d443620b77f9d6b33703e51011c16baf57afb285fc6", size = 25335, upload-time = "2022-10-25T02:36:20.889Z" },
]

[[package]]
name = "flet"
version = "0.86.4"
source = { registry = "https://pypi.org/simple" }
dependencies = [
    { name = "httpx", marker = "sys_platform != 'emscripten'" },
    { name = "msgpack" },
    { name = "oauthlib", marker = "sys_platform != 'emscripten'" },
    { name = "repath" },
]
sdist = { url = "https://files.pythonhosted.org/packages/d2/11/e677be757a0d6459b89bc9c63bfcef89e7e96872782db447b753837aa842/flet-0.86.4.tar.gz", hash = "sha256:b5a66bd320196d3bed7d7fa5bb0ce79da734282de6a531cb2a73c06d5cbdb174", size = 543083, upload-time = "2026-07-27T20:58:55.979Z" }
wheels = [
    { url = "https://files.pythonhosted.org/packages/18/ec/446a9312c7c6ee03f91aa574fa6cd299719feba69db0528da24234ffb762/flet-0.86.4-py3-none-any.whl", hash = "sha256:985ad42bb4e050c3d2abde442db9cce9ee3b7c191a3fdcdc964ce3efda888edb", size = 622504, upload-time = "2026-07-27T20:58:54.651Z" },
]

[[package]]
name = "flet-ads"
version = "0.86.4"
source = { registry = "https://pypi.org/simple" }
dependencies = [
    { name = "flet" },
]
sdist = { url = "https://files.pythonhosted.org/packages/cb/de/3435a92463d11405b677c88b980c096a5b0234291e54cf616e6eae572ff8/flet_ads-0.86.4.tar.gz", hash = "sha256:3165a6e32fdf3a3473a660015ceb6ad24b3c6445c99254712555564f393fe232", size = 16306, upload-time = "2026-07-27T20:59:11.25Z" }
wheels = [
    { url = "https://files.pythonhosted.org/packages/82/a1/ff83c8bf53339fca0660455fa5ad12552f6b494d3bdab5dc93faf8202157/flet_ads-0.86.4-py3-none-any.whl", hash = "sha256:1768f0cfce874a3eef57f4902fdf6c48a0996caf7a8fe97c629103c0f5229523", size = 21398, upload-time = "2026-07-27T20:59:10.393Z" },
]

[[package]]
name = "flet-permission-handler"
version = "0.86.4"
source = { registry = "https://pypi.org/simple" }
dependencies = [
    { name = "flet" },
]
sdist = { url = "https://files.pythonhosted.org/packages/19/58/2dfd8bd93a1e56f32bf89695f0d89f857d5188cd709ca1989dfdd05ee844/flet_permission_handler-0.86.4.tar.gz", hash = "sha256:e38dd82a92f64e29c7e24285c14fb1ca24c7e99e04bdefdd4335e80c2b7cb78b", size = 12239, upload-time = "2026-07-27T20:59:47.103Z" }
wheels = [
    { url = "https://files.pythonhosted.org/packages/45/ab/0e807c9531a8ddbc108ca57ff11092d402c4baaac99c3ae9709161f34e2e/flet_permission_handler-0.86.4-py3-none-any.whl", hash = "sha256:19ae44066754195d7de82058ac62c92541b3830ba5322501a0d1d03b20a5f2cb", size = 13552, upload-time = "2026-07-27T20:59:46.248Z" },
]

[[package]]
name = "flet-video"
version = "0.86.4"
source = { registry = "https://pypi.org/simple" }
dependencies = [
    { name = "flet" },
]
sdist = { url = "https://files.pythonhosted.org/packages/45/c3/1f82c38c6bf73ddc8ede515f44baa2dfb93147ae443376fc1ea7fa3fcb7b/flet_video-0.86.4.tar.gz", hash = "sha256:5b75a70fa49045281f065ec2893acb9a111427ca62d6f923b1bb42853e622ad5", size = 24249, upload-time = "2026-07-27T20:59:58.488Z" }
wheels = [
    { url = "https://files.pythonhosted.org/packages/a4/6d/82f73dc7a910af3a8927641814c421051a9f339ab036be7292b94fab4ed2/flet_video-0.86.4-py3-none-any.whl", hash = "sha256:f3ba97ebb602a0b8c2cfa6ddb7a4895ca63171447c5b8a6cd4ce15c120a0bd34", size = 26163, upload-time = "2026-07-27T20:59:57.578Z" },
]

[[package]]
name = "h11"
version = "0.16.0"
source = { registry = "https://pypi.org/simple" }
sdist = { url = "https://files.pythonhosted.org/packages/01/ee/02a2c011bdab74c6fb3c75474d40b3052059d95df7e73351460c8588d963/h11-0.16.0.tar.gz", hash = "sha256:4e35b956cf45792e4caa5885e69fba00bdbc6ffafbfa020300e549b208ee5ff1", size = 101250, upload-time = "2025-04-24T03:35:25.427Z" }
wheels = [
    { url = "https://files.pythonhosted.org/packages/04/4b/29cac41a4d98d144bf5f6d33995617b185d14b22401f75ca86f384e87ff1/h11-0.16.0-py3-none-any.whl", hash = "sha256:63cf8bbe7522de3bf65932fda1d9c2772064ffb3dae62d55932da54b31cb6c86", size = 37515, upload-time = "2025-04-24T03:35:24.344Z" },
]

[[package]]
name = "httpcore"
version = "1.0.9"
source = { registry = "https://pypi.org/simple" }
dependencies = [
    { name = "certifi" },
    { name = "h11" },
]
sdist = { url = "https://files.pythonhosted.org/packages/06/94/82699a10bca87a5556c9c59b5963f2d039dbd239f25bc2a63907a05a14cb/httpcore-1.0.9.tar.gz", hash = "sha256:6e34463af53fd2ab5d807f399a9b45ea31c3dfa2276f15a2c3f00afff6e176e8", size = 85484, upload-time = "2025-04-24T22:06:22.219Z" }
wheels = [
    { url = "https://files.pythonhosted.org/packages/7e/f5/f66802a942d491edb555dd61e3a9961140fd64c90bce1eafd741609d334d/httpcore-1.0.9-py3-none-any.whl", hash = "sha256:2d400746a40668fc9dec9810239072b40b4484b640a8c38fd654a024c7a1bf55", size = 78784, upload-time = "2025-04-24T22:06:20.566Z" },
]

[[package]]
name = "httpx"
version = "0.28.1"
source = { registry = "https://pypi.org/simple" }
dependencies = [
    { name = "anyio" },
    { name = "certifi" },
    { name = "httpcore" },
    { name = "idna" },
]
sdist = { url = "https://files.pythonhosted.org/packages/b1/df/48c586a5fe32a0f01324ee087459e112ebb7224f646c0b5023f5e79e9956/httpx-0.28.1.tar.gz", hash = "sha256:75e98c5f16b0f35b567856f597f06ff2270a374470a5c2392242528e3e3e42fc", size = 141406, upload-time = "2024-12-06T15:37:23.222Z" }
wheels = [
    { url = "https://files.pythonhosted.org/packages/2a/39/e50c7c3a983047577ee07d2a9e53faf5a69493943ec3f6a384bdc792deb2/httpx-0.28.1-py3-none-any.whl", hash = "sha256:d909fcccc110f8c7faf814ca82a9a4d816bc5a6dbfea25d6591d6985b8ba59ad", size = 73517, upload-time = "2024-12-06T15:37:21.509Z" },
]

[[package]]
name = "idna"
version = "3.18"
source = { registry = "https://pypi.org/simple" }
sdist = { url = "https://files.pythonhosted.org/packages/cd/63/9496c57188a2ee585e0f1db071d75089a11e98aa86eb99d9d7618fc1edce/idna-3.18.tar.gz", hash = "sha256:ffb385a7e039654cef1ab9ef32c6fafe283c0c0467bba1d9029738ce4a14a848", size = 196711, upload-time = "2026-06-02T14:34:07.794Z" }
wheels = [
    { url = "https://files.pythonhosted.org/packages/1e/5e/d4e9f1a599fb8e573b7b87160658329fbf28d19eac2718f51fc3def3aa5a/idna-3.18-py3-none-any.whl", hash = "sha256:7f952cbe720b688055e3f87de14f5c3e5fdaa8bc3928985c4077ca689de849a2", size = 65455, upload-time = "2026-06-02T14:34:06.319Z" },
]

[[package]]
name = "iniconfig"
version = "2.3.0"
source = { registry = "https://pypi.org/simple" }
sdist = { url = "https://files.pythonhosted.org/packages/72/34/14ca021ce8e5dfedc35312d08ba8bf51fdd999c576889fc2c24cb97f4f10/iniconfig-2.3.0.tar.gz", hash = "sha256:c76315c77db068650d49c5b56314774a7804df16fee4402c1f19d6d15d8c4730", size = 20503, upload-time = "2025-10-18T21:55:43.219Z" }
wheels = [
    { url = "https://files.pythonhosted.org/packages/cb/b1/3846dd7f199d53cb17f49cba7e651e9ce294d8497c8c150530ed11865bb8/iniconfig-2.3.0-py3-none-any.whl", hash = "sha256:f631c04d2c48c52b84d0d0549c99ff3859c98df65b3101406327ecc7d53fbf12", size = 7484, upload-time = "2025-10-18T21:55:41.639Z" },
]

[[package]]
name = "ktv"
version = "2.0.0"
source = { virtual = "." }
dependencies = [
    { name = "flet" },
    { name = "flet-ads" },
    { name = "flet-permission-handler" },
    { name = "flet-video" },
    { name = "httpx" },
]

[package.dev-dependencies]
dev = [
    { name = "pyjnius" },
    { name = "pytest" },
    { name = "pytest-asyncio" },
    { name = "ruff" },
]

[package.metadata]
requires-dist = [
    { name = "flet", specifier = ">=0.86.4" },
    { name = "flet-ads", specifier = ">=0.86.4" },
    { name = "flet-permission-handler", specifier = ">=0.86.4" },
    { name = "flet-video", specifier = ">=0.86.4" },
    { name = "httpx", specifier = ">=0.28.1" },
]

[package.metadata.requires-dev]
dev = [
    { name = "pyjnius", specifier = ">=1.7.0" },
    { name = "pytest", specifier = ">=9.0.3" },
    { name = "pytest-asyncio", specifier = ">=1.4.0" },
    { name = "ruff", specifier = ">=0.15.14" },
]

[[package]]
name = "msgpack"
version = "1.2.1"
source = { registry = "https://pypi.org/simple" }
sdist = { url = "https://files.pythonhosted.org/packages/31/f9/c0a1c127f9049db9155afc316952ea571720dd01833ff5e4d7e8e6352dbb/msgpack-1.2.1.tar.gz", hash = "sha256:04c721c2c7448767e9e3f2520a475663d8ee0f09c31890f6d2bd70fd636a9647", size = 183960, upload-time = "2026-06-18T16:13:52.594Z" }
wheels = [
    { url = "https://files.pythonhosted.org/packages/77/58/cce442852c6b9e1639c7c8ac8fd9143121cb32dab0f308df4d1426a8eb9c/msgpack-1.2.1-cp314-cp314-macosx_10_15_x86_64.whl", hash = "sha256:05f340e47e7e47d2da8db9b53e1bb1d294369e9ef45a747441309f6650b8351d", size = 83610, upload-time = "2026-06-18T16:13:25.724Z" },
    { url = "https://files.pythonhosted.org/packages/60/5c/15b4c7a0182f75ffa90751958ba36a9c01cafee367d49a3edc10ed140b01/msgpack-1.2.1-cp314-cp314-macosx_11_0_arm64.whl", hash = "sha256:810b916696c86ef0deb3b74588480224df4c1b071136c34183e4a2a4284d7ac7", size = 83138, upload-time = "2026-06-18T16:13:26.781Z" },
    { url = "https://files.pythonhosted.org/packages/b8/a6/99e58722feaffc5f2fbcc0c8c0d1451ab9f84097f7af87291b46af2390f4/msgpack-1.2.1-cp314-cp314-manylinux2014_aarch64.manylinux_2_17_aarch64.manylinux_2_28_aarch64.whl", hash = "sha256:ca0dacff965c47afdc3749a8469d7302a8f801d6a28758d55120d75e66ce6889", size = 406090, upload-time = "2026-06-18T16:13:28.072Z" },
    { url = "https://files.pythonhosted.org/packages/19/03/8c63e8cf52958534ef688625965ab04c269a6cadd8caef16758b380a821a/msgpack-1.2.1-cp314-cp314-manylinux2014_x86_64.manylinux_2_17_x86_64.manylinux_2_28_x86_64.whl", hash = "sha256:0e2bf9280bceb5efca998435904b5d3e9fdbcc11d90dc9df30aec7973252b720", size = 412106, upload-time = "2026-06-18T16:13:29.427Z" },
    { url = "https://files.pythonhosted.org/packages/63/d2/155d9e71b40e41fd934bc0c48b9b2770f22263e1ac20aad8e29fdca7be3f/msgpack-1.2.1-cp314-cp314-manylinux_2_31_riscv64.manylinux_2_39_riscv64.whl", hash = "sha256:aa6c4be5d1c02a42b066ca6ddb71adf36432868fdcdb6ee87e634e86e0674190", size = 374851, upload-time = "2026-06-18T16:13:30.631Z" },
    { url = "https://files.pythonhosted.org/packages/98/48/deaf2326262a8d5ea3295ce9649912ecd3f551ba7ec8e33c665d2ba583f3/msgpack-1.2.1-cp314-cp314-musllinux_1_2_aarch64.whl", hash = "sha256:ec0e675d59150a6269ddc9139087c722292664a37d071a849c05c473350f1f2d", size = 396168, upload-time = "2026-06-18T16:13:31.977Z" },
    { url = "https://files.pythonhosted.org/packages/10/2a/b4410f906c2ec0008f1608d3ab5143afc3ad3f4e6da0fed3ea2231d0bef4/msgpack-1.2.1-cp314-cp314-musllinux_1_2_riscv64.whl", hash = "sha256:dd3bfe82d53edfe4b7fc9a7ec9761e23a7a5b1dac22264505af428253c29ed24", size = 371959, upload-time = "2026-06-18T16:13:33.282Z" },
    { url = "https://files.pythonhosted.org/packages/59/86/1edc67270099a528fa2093ea60fe191233cd238e4bd30cfacf7db79fc959/msgpack-1.2.1-cp314-cp314-musllinux_1_2_x86_64.whl", hash = "sha256:5ad5467fc3f68b5468e06c5f788d712e9f8ffc8b0cd1bcb160c105c1ee92dae7", size = 408457, upload-time = "2026-06-18T16:13:34.567Z" },
    { url = "https://files.pythonhosted.org/packages/82/90/8b630fef07d8c5ab457b71ff2c217910c83d333c7a68472c186e87cc504a/msgpack-1.2.1-cp314-cp314-win32.whl", hash = "sha256:98b58bdb89c46190e4609bb36abe17c6d4105ad13f9c5f8f6f64d320f8ced3fb", size = 65942, upload-time = "2026-06-18T16:13:36.056Z" },
    { url = "https://files.pythonhosted.org/packages/16/f1/467b81e98b24dd3885d7b1857728797b4ffc76a7a7483af4fb321a07de3c/msgpack-1.2.1-cp314-cp314-win_amd64.whl", hash = "sha256:74847557e28ce71bd3c438a447ca90e4b507e997ddbdef8a12a7b283b86c156b", size = 72627, upload-time = "2026-06-18T16:13:37.079Z" },
    { url = "https://files.pythonhosted.org/packages/a7/1d/5d8c4c89985feb6acefb82a09e501c60392261856d2408d20bfe4f0360b1/msgpack-1.2.1-cp314-cp314-win_arm64.whl", hash = "sha256:b50b727bd652bdc37d950336c848ef20ec54a4cafc38dce19b1cd86ad625d0f7", size = 66908, upload-time = "2026-06-18T16:13:38.23Z" },
    { url = "https://files.pythonhosted.org/packages/1b/02/ad2afb678b4de94496cd432b581759b756a92c1192d8c767edd6b132efdc/msgpack-1.2.1-cp314-cp314t-macosx_10_15_x86_64.whl", hash = "sha256:8d00f177ca88a77c1cf848d204a38f249751650b601cb6532acc68805d8a8273", size = 86000, upload-time = "2026-06-18T16:13:39.44Z" },
    { url = "https://files.pythonhosted.org/packages/54/74/0b797484013128837f3b1cbb6cea019277c4de4e377dc512b4d9a0f92940/msgpack-1.2.1-cp314-cp314t-macosx_11_0_arm64.whl", hash = "sha256:5bb9c386f0a329c035ddbab4b72d1028bf9627add8dda41070288563d57ed1b1", size = 86544, upload-time = "2026-06-18T16:13:40.447Z" },
    { url = "https://files.pythonhosted.org/packages/a9/b4/b774d7eb95561739907fec675582f83203cf41c597a418c2589b4bfb8e9d/msgpack-1.2.1-cp314-cp314t-manylinux2014_aarch64.manylinux_2_17_aarch64.manylinux_2_28_aarch64.whl", hash = "sha256:20466cca18c49c7292a8984bc15d65857b171e7264bdcb5f96baf8be238791fc", size = 427661, upload-time = "2026-06-18T16:13:41.574Z" },
    { url = "https://files.pythonhosted.org/packages/b2/f9/3243191dc9937e00756c8bc1b0272fed8f23758e43df2a3b46f533e5090f/msgpack-1.2.1-cp314-cp314t-manylinux2014_x86_64.manylinux_2_17_x86_64.manylinux_2_28_x86_64.whl", hash = "sha256:196300e7e5d6e74d50f1607ab9c06c4a1484c383cd22defd727902591f7e8dde", size = 426375, upload-time = "2026-06-18T16:13:42.936Z" },
    { url = "https://files.pythonhosted.org/packages/23/c7/1693111db9944ba4ad4b67a1e788400d78a0b6af7a6523dc7e4e58f8274b/msgpack-1.2.1-cp314-cp314t-manylinux_2_31_riscv64.manylinux_2_39_riscv64.whl", hash = "sha256:575957e79cd51903a4e8495a242442949641e08f1efd5197b43bebd3ea7682b4", size = 380495, upload-time = "2026-06-18T16:13:44.306Z" },
    { url = "https://files.pythonhosted.org/packages/3e/2b/92f86956a0c13e8662f7e2ad630c4eb4db07497b967589bd5245e018b2c1/msgpack-1.2.1-cp314-cp314t-musllinux_1_2_aarch64.whl", hash = "sha256:8c2ed1e48cc0f460bf3c7780e7137ff21a4e18433451916f2442c1b21036cd7d", size = 410897, upload-time = "2026-06-18T16:13:45.629Z" },
    { url = "https://files.pythonhosted.org/packages/da/ea/1479f72d200313a76fc2f823a79d1e07ed052ab7b8a0280640aa7b95de42/msgpack-1.2.1-cp314-cp314t-musllinux_1_2_riscv64.whl", hash = "sha256:5f6277e5f783c36786a145e0247fc189a03f35f84b251646e53592d2bc12b355", size = 378519, upload-time = "2026-06-18T16:13:46.998Z" },
    { url = "https://files.pythonhosted.org/packages/f5/4d/fa006060ffa1011d32bfae826fe766fe73e02982183601633b7121058ab3/msgpack-1.2.1-cp314-cp314t-musllinux_1_2_x86_64.whl", hash = "sha256:f9389552ecf4784886345ead0647e4edc96bee37cbab05b75540f542f766c48c", size = 419815, upload-time = "2026-06-18T16:13:48.205Z" },
    { url = "https://files.pythonhosted.org/packages/2f/e1/aab6c946570496b78e67804721f3d5e2d62a93081b9b37df77764ef56347/msgpack-1.2.1-cp314-cp314t-win32.whl", hash = "sha256:c1c79a604a2969a868a78b6ebd27a887e00c624f14f66b3038e0590cb23332d1", size = 70914, upload-time = "2026-06-18T16:13:49.385Z" },
    { url = "https://files.pythonhosted.org/packages/13/0a/e608956488a2af014cfe6e3d665e090b8ee42aa14b07f8f95b8880d66b09/msgpack-1.2.1-cp314-cp314t-win_amd64.whl", hash = "sha256:f12038a35fabd52e56a3547bab42401af49a45caa6dd00b34c44de235bc93ee2", size = 77999, upload-time = "2026-06-18T16:13:50.467Z" },
    { url = "https://files.pythonhosted.org/packages/d2/8a/27e2e57055176e366a46b85d02d68e7a5bcfbdd8474c9706375d965f24d3/msgpack-1.2.1-cp314-cp314t-win_arm64.whl", hash = "sha256:0adcf06ffde0777c0e1a9b771a2b1c4226ba1bbf748c8efcc02fcdeca3299107", size = 71160, upload-time = "2026-06-18T16:13:51.498Z" },
]

[[package]]
name = "oauthlib"
version = "3.3.1"
source = { registry = "https://pypi.org/simple" }
sdist = { url = "https://files.pythonhosted.org/packages/0b/5f/19930f824ffeb0ad4372da4812c50edbd1434f678c90c2733e1188edfc63/oauthlib-3.3.1.tar.gz", hash = "sha256:0f0f8aa759826a193cf66c12ea1af1637f87b9b4622d46e866952bb022e538c9", size = 185918, upload-time = "2025-06-19T22:48:08.269Z" }
wheels = [
    { url = "https://files.pythonhosted.org/packages/be/9c/92789c596b8df838baa98fa71844d84283302f7604ed565dafe5a6b5041a/oauthlib-3.3.1-py3-none-any.whl", hash = "sha256:88119c938d2b8fb88561af5f6ee0eec8cc8d552b7bb1f712743136eb7523b7a1", size = 160065, upload-time = "2025-06-19T22:48:06.508Z" },
]

[[package]]
name = "packaging"
version = "26.2"
source = { registry = "https://pypi.org/simple" }
sdist = { url = "https://files.pythonhosted.org/packages/d7/f1/e7a6dd94a8d4a5626c03e4e99c87f241ba9e350cd9e6d75123f992427270/packaging-26.2.tar.gz", hash = "sha256:ff452ff5a3e828ce110190feff1178bb1f2ea2281fa2075aadb987c2fb221661", size = 228134, upload-time = "2026-04-24T20:15:23.917Z" }
wheels = [
    { url = "https://files.pythonhosted.org/packages/df/b2/87e62e8c3e2f4b32e5fe99e0b86d576da1312593b39f47d8ceef365e95ed/packaging-26.2-py3-none-any.whl", hash = "sha256:5fc45236b9446107ff2415ce77c807cee2862cb6fac22b8a73826d0693b0980e", size = 100195, upload-time = "2026-04-24T20:15:22.081Z" },
]

[[package]]
name = "pluggy"
version = "1.6.0"
source = { registry = "https://pypi.org/simple" }
sdist = { url = "https://files.pythonhosted.org/packages/f9/e2/3e91f31a7d2b083fe6ef3fa267035b518369d9511ffab804f839851d2779/pluggy-1.6.0.tar.gz", hash = "sha256:7dcc130b76258d33b90f61b658791dede3486c3e6bfb003ee5c9bfb396dd22f3", size = 69412, upload-time = "2025-05-15T12:30:07.975Z" }
wheels = [
    { url = "https://files.pythonhosted.org/packages/54/20/4d324d65cc6d9205fabedc306948156824eb9f0ee1633355a8f7ec5c66bf/pluggy-1.6.0-py3-none-any.whl", hash = "sha256:e920276dd6813095e9377c0bc5566d94c932c33b27a3e3945d8389c374dd4746", size = 20538, upload-time = "2025-05-15T12:30:06.134Z" },
]

[[package]]
name = "pygments"
version = "2.20.0"
source = { registry = "https://pypi.org/simple" }
sdist = { url = "https://files.pythonhosted.org/packages/c3/b2/bc9c9196916376152d655522fdcebac55e66de6603a76a02bca1b6414f6c/pygments-2.20.0.tar.gz", hash = "sha256:6757cd03768053ff99f3039c1a36d6c0aa0b263438fcab17520b30a303a82b5f", size = 4955991, upload-time = "2026-03-29T13:29:33.898Z" }
wheels = [
    { url = "https://files.pythonhosted.org/packages/f4/7e/a72dd26f3b0f4f2bf1dd8923c85f7ceb43172af56d63c7383eb62b332364/pygments-2.20.0-py3-none-any.whl", hash = "sha256:81a9e26dd42fd28a23a2d169d86d7ac03b46e2f8b59ed4698fb4785f946d0176", size = 1231151, upload-time = "2026-03-29T13:29:30.038Z" },
]

[[package]]
name = "pyjnius"
version = "1.7.0"
source = { registry = "https://pypi.org/simple" }
sdist = { url = "https://files.pythonhosted.org/packages/04/a2/22bcf51dd6628e1ab9932a5e3e3e0b062ca4e2ef80e1bc9f7a3cc2748c57/pyjnius-1.7.0.tar.gz", hash = "sha256:9f81708484b0a84ead3eb0ba84e53ac579e4c43ca10c746f9898a9f3dd50f54d", size = 66363, upload-time = "2025-09-08T19:33:14.675Z" }
wheels = [
    { url = "https://files.pythonhosted.org/packages/d1/61/a4460964220b42c00023333821ab7bf545f5a4069389ce85e555521bb691/pyjnius-1.7.0-cp314-cp314-macosx_10_13_universal2.whl", hash = "sha256:2eb8881c01fc16b4984d4388ad05453439c89879436322e9cd9e2a8afb5f262f", size = 456379, upload-time = "2025-09-08T19:32:40.308Z" },
    { url = "https://files.pythonhosted.org/packages/d2/f8/f9c431035cb6c1ff285a9b3518cf69bbaba79661fdada1e7138dec48844e/pyjnius-1.7.0-cp314-cp314-macosx_10_13_x86_64.whl", hash = "sha256:164a89a722f9144b36b37905aa3d746a46364882e1c436162f27c43433eaa7ec", size = 242252, upload-time = "2025-09-08T19:32:41.841Z" },
    { url = "https://files.pythonhosted.org/packages/47/e1/e0f0005c5a5ad4f496f7aee972d8b7fe1e441f228bb74cbb557f61a8bc51/pyjnius-1.7.0-cp314-cp314-manylinux2014_aarch64.manylinux_2_17_aarch64.manylinux_2_28_aarch64.whl", hash = "sha256:a43910ee71e6f62ecd16c3774d948d5fd727c0b9d5f6dfce4420c5cddc3a9d7d", size = 1560030, upload-time = "2025-09-08T19:32:43.633Z" },
    { url = "https://files.pythonhosted.org/packages/fd/32/2997d0ef28bf31717671e78c15a72951b2049869c2373bb233c04184f4a2/pyjnius-1.7.0-cp314-cp314-manylinux2014_x86_64.manylinux_2_17_x86_64.manylinux_2_28_x86_64.whl", hash = "sha256:60349bd19b5ee60cfbc6c9a878228e8e602c5abc707746fc58b811bd22267180", size = 1586406, upload-time = "2025-09-08T19:32:45.533Z" },
    { url = "https://files.pythonhosted.org/packages/bb/c3/4b6e935758b6d355c9b99c0d0c887fb72d91caf08987f8fa31661c31a0fb/pyjnius-1.7.0-cp314-cp314-win32.whl", hash = "sha256:1609934577075d06dacc6df94b85d6c052981c5e50980c4d8c1aa3a2f796326c", size = 176532, upload-time = "2025-09-08T19:32:47.295Z" },
    { url = "https://files.pythonhosted.org/packages/c1/b4/0fcd9d9efd07287d6d52261ce595817b377061946198e908b0d9c19d1974/pyjnius-1.7.0-cp314-cp314-win_amd64.whl", hash = "sha256:7996cbb8c5cd15a09fd3bc64ce236d141f34f6536a2c02cc97476fe20acfb7d7", size = 212794, upload-time = "2025-09-08T19:32:48.458Z" },
    { url = "https://files.pythonhosted.org/packages/03/31/99d7295a5e16674b63ce08b98cbeb394cb30920e66e5abe189d545e6781f/pyjnius-1.7.0-cp314-cp314t-macosx_10_13_universal2.whl", hash = "sha256:00edd9452e3c3d08ac63e32acddbb5931ecb555b78f8c5fb5bea285d254f269b", size = 485857, upload-time = "2025-09-08T19:32:49.775Z" },
    { url = "https://files.pythonhosted.org/packages/b1/d2/524d064612398dad68d6f078879069168cb35b747890572e85d0da1aeac2/pyjnius-1.7.0-cp314-cp314t-macosx_10_13_x86_64.whl", hash = "sha256:2ae3249e75b4500d6805867f6e851f771c2b70827e723fe3320cb4b6b88cedde", size = 255900, upload-time = "2025-09-08T19:32:52.292Z" },
    { url = "https://files.pythonhosted.org/packages/c0/a5/c5811b409b44a60477dc4349e9f2d0b72126a313085ef0fbe81c4a4e6b4a/pyjnius-1.7.0-cp314-cp314t-manylinux2014_aarch64.manylinux_2_17_aarch64.manylinux_2_28_aarch64.whl", hash = "sha256:2da50aba9218788d1df5dc6645ac285543519bc73af7631da14ef846235dee75", size = 1708856, upload-time = "2025-09-08T19:32:53.684Z" },
    { url = "https://files.pythonhosted.org/packages/56/d2/ab930e282286f413d4eaf835e05f6d753f75cd000398500e6c38e28a7e1f/pyjnius-1.7.0-cp314-cp314t-manylinux2014_x86_64.manylinux_2_17_x86_64.manylinux_2_28_x86_64.whl", hash = "sha256:0d1e0b1bff49e5e6c24c6cc21d41693f99ad44e441de43779a057a6f247e51a3", size = 1678223, upload-time = "2025-09-08T19:32:55.017Z" },
    { url = "https://files.pythonhosted.org/packages/b0/87/ee8505baf15b2b5e13fa938247141e81bfe71e1291a4c0bc37fd14176642/pyjnius-1.7.0-cp314-cp314t-win32.whl", hash = "sha256:29cd4b6cfb134c1857c07f037b661bc03e2ee1f8c114a1c69b96e9ef4e0c13cf", size = 211559, upload-time = "2025-09-08T19:32:56.224Z" },
    { url = "https://files.pythonhosted.org/packages/ca/1e/c35aa1ebed3b5c10c613b6efbc5c80b9a6c5d2796e73f69bd01509536659/pyjnius-1.7.0-cp314-cp314t-win_amd64.whl", hash = "sha256:5b8f0d56cbd4e92f2a8e03b6560c7303acaa71144a094c92f4fa72e6da4ad521", size = 256233, upload-time = "2025-09-08T19:32:57.374Z" },
]

[[package]]
name = "pytest"
version = "9.1.1"
source = { registry = "https://pypi.org/simple" }
dependencies = [
    { name = "colorama", marker = "sys_platform == 'win32'" },
    { name = "iniconfig" },
    { name = "packaging" },
    { name = "pluggy" },
    { name = "pygments" },
]
sdist = { url = "https://files.pythonhosted.org/packages/e4/47/b9efed96c114afcfa3c9d3fe98a76a1d14c74a9e266d397cf6eb64be5e01/pytest-9.1.1.tar.gz", hash = "sha256:1088fbde8f2b49d95a549a195707afa7a76a3ce9bcadc26b6d71f0ffda5fe313", size = 1636369, upload-time = "2026-06-19T10:58:32.857Z" }
wheels = [
    { url = "https://files.pythonhosted.org/packages/24/25/1de2678b631f5a49215c6c96fff41ba892b0a34df68d6d80292b1b48aa7f/pytest-9.1.1-py3-none-any.whl", hash = "sha256:37a86b45efb9a47a61a36449063e8e18d0cab3161329fc099eb21783169c4f0c", size = 386536, upload-time = "2026-06-19T10:58:31.347Z" },
]

[[package]]
name = "pytest-asyncio"
version = "1.4.0"
source = { registry = "https://pypi.org/simple" }
dependencies = [
    { name = "pytest" },
]
sdist = { url = "https://files.pythonhosted.org/packages/43/7c/d36d04db312ecf4298932ef77e6e4a9e8ad017906e24e34f0b0c361a2473/pytest_asyncio-1.4.0.tar.gz", hash = "sha256:c6c0d2259945122819f171a32ecea2c349ead889ee28176caaf492143424be42", size = 58514, upload-time = "2026-05-26T09:56:04.083Z" }
wheels = [
    { url = "https://files.pythonhosted.org/packages/03/e2/08a497ef684b88559c9cc5f4ad53a37e7b99e727094a86d6ea32536d5d3c/pytest_asyncio-1.4.0-py3-none-any.whl", hash = "sha256:933ca923a23075a87fb7070c0ec272a6848489824d887c85c812670932835aa1", size = 16930, upload-time = "2026-05-26T09:56:02.576Z" },
]

[[package]]
name = "repath"
version = "0.9.0"
source = { registry = "https://pypi.org/simple" }
dependencies = [
    { name = "six" },
]
sdist = { url = "https://files.pythonhosted.org/packages/65/e1/824989291d0f01886074fdf9504ba54598f5665bc4dd373b589b87e76608/repath-0.9.0.tar.gz", hash = "sha256:8292139bac6a0e43fd9d70605d4e8daeb25d46672e484ed31a24c7ce0aef0fb7", size = 5492, upload-time = "2019-10-08T00:25:22.3Z" }
wheels = [
    { url = "https://files.pythonhosted.org/packages/87/ed/92e9b8a3ffc562f21df14ef2538f54e911df29730e1f0d79130a4edc86e7/repath-0.9.0-py3-none-any.whl", hash = "sha256:ee079d6c91faeb843274d22d8f786094ee01316ecfe293a1eb6546312bb6a318", size = 4738, upload-time = "2019-10-08T00:25:20.842Z" },
]

[[package]]
name = "ruff"
version = "0.16.0"
source = { registry = "https://pypi.org/simple" }
sdist = { url = "https://files.pythonhosted.org/packages/4d/94/1e5e4967626faf12fa56999cd6222dff6992ceb086ad7945756baf70c7a7/ruff-0.16.0.tar.gz", hash = "sha256:e460aafd5495ec89efaa6ced2e4a9a581116451e1c88b9d37ef497e0f8e93982", size = 4790557, upload-time = "2026-07-23T19:11:30.981Z" }
wheels = [
    { url = "https://files.pythonhosted.org/packages/4b/81/1c8818fee7ce1a04cd7d1b3172e0a8f8e4f1dc4feb7fc390e16daa8af323/ruff-0.16.0-py3-none-linux_armv6l.whl", hash = "sha256:e5115729eb08c585e5121978ba5d5b60caeae394ce21b9fb5e6cd33a1c6c9b1e", size = 10754633, upload-time = "2026-07-23T19:10:46.415Z" },
    { url = "https://files.pythonhosted.org/packages/23/df/beaf59c09d68db84304d555f188b276a77132a5d5b0b67a5c762aa143628/ruff-0.16.0-py3-none-macosx_10_12_x86_64.whl", hash = "sha256:3c954b1d580bfa035b41654f7858cc7e71d5fc3ac5b723dd62bd9133830ed522", size = 10969164, upload-time = "2026-07-23T19:10:50.271Z" },
    { url = "https://files.pythonhosted.org/packages/42/ce/741cd197496a1abbf51352710fd15ed995d2a2be87189c1da26a450d6e83/ruff-0.16.0-py3-none-macosx_11_0_arm64.whl", hash = "sha256:e01c21d10eb1b29f47b7454e1f4056db9a3f0260c646aa88457c610291db9f81", size = 10488846, upload-time = "2026-07-23T19:10:52.639Z" },
    { url = "https://files.pythonhosted.org/packages/52/2a/a2db8e88cade358f5cdcb05674a917751074109315d014eb6352d9a893f7/ruff-0.16.0-py3-none-manylinux_2_17_aarch64.manylinux2014_aarch64.whl", hash = "sha256:6e364e5ed22ed8dc05082fd78e35308618260907ac2d3c1d637b2e682415b6c9", size = 10889729, upload-time = "2026-07-23T19:10:54.89Z" },
    { url = "https://files.pythonhosted.org/packages/42/65/62a771694ebd63029dc953e27dbad40e1588bd4860ff9fe881018fddaa49/ruff-0.16.0-py3-none-manylinux_2_17_armv7l.manylinux2014_armv7l.whl", hash = "sha256:d327b8fc113a1d4421a04f3839d3752057c8dd1ee320223a6f3f52d04ada462a", size = 10568275, upload-time = "2026-07-23T19:10:56.993Z" },
    { url = "https://files.pythonhosted.org/packages/3f/e2/ced249fe8af5f086c5c58cc21cc3356d50f32f7401c5df87050c999620a7/ruff-0.16.0-py3-none-manylinux_2_17_i686.manylinux2014_i686.whl", hash = "sha256:a9b50c55e263103586b3dcf5f73d479eb8cb5fdb6098fec59a62891dab653717", size = 11385112, upload-time = "2026-07-23T19:10:59.615Z" },
    { url = "https://files.pythonhosted.org/packages/87/0b/05154977a8fd69eeb6c103271f55403bfd8711f5c0f8ed07489d95a504e7/ruff-0.16.0-py3-none-manylinux_2_17_ppc64le.manylinux2014_ppc64le.whl", hash = "sha256:0ff4a79ce3ec0172f3241943835de1c4cb4e2dcd07f0f8c2d02603dbbbee4b17", size = 12207008, upload-time = "2026-07-23T19:11:02.154Z" },
    { url = "https://files.pythonhosted.org/packages/fb/29/98225831a3a1eab0e02f4acc6ca6559a98611dcc68b6965ff4b7234627c1/ruff-0.16.0-py3-none-manylinux_2_17_s390x.manylinux2014_s390x.whl", hash = "sha256:e95c448fca1fb2a18372a9440926c5a6ee789639bb975c72e7ae6d0b04218ab4", size = 11650842, upload-time = "2026-07-23T19:11:04.557Z" },
    { url = "https://files.pythonhosted.org/packages/91/66/6bd3cf90500653d55dc0ffc8507aa8300bd49d0214b2e8cb4d3fef2943ba/ruff-0.16.0-py3-none-manylinux_2_17_x86_64.manylinux2014_x86_64.whl", hash = "sha256:4f11a8d11010301d0a398a2fdef67691feca7294da6aef55e2150e8fa2cd520b", size = 11400718, upload-time = "2026-07-23T19:11:09.233Z" },
    { url = "https://files.pythonhosted.org/packages/8e/a2/a54eb4eae05d66364050a5d3b8a9c5ef88196531b3cbe7109d873f87f819/ruff-0.16.0-py3-none-manylinux_2_31_riscv64.whl", hash = "sha256:48044c678e9cb8698246c99b14aaccfa6601dea7379eb48a6f8f73f7a6d86cd0", size = 11426177, upload-time = "2026-07-23T19:11:11.994Z" },
    { url = "https://files.pythonhosted.org/packages/1a/be/16e3eea4b2a478a496919f5e36f17c4559e54620bd3bbac5d6affa068006/ruff-0.16.0-py3-none-musllinux_1_2_aarch64.whl", hash = "sha256:7aa0959bad8eb8bef50340154fc9b58678dae31fa4293afa38b44b6e552c0213", size = 10856126, upload-time = "2026-07-23T19:11:14.221Z" },
    { url = "https://files.pythonhosted.org/packages/a2/84/252eb8b868a16eec7257c14f504f77537e734b2d69c762e639e588e304a3/ruff-0.16.0-py3-none-musllinux_1_2_armv7l.whl", hash = "sha256:28ea2b7df8ebf7f9da6b7d47b230ab48f387c0a29be3b474c4d0740e197bb9af", size = 10571208, upload-time = "2026-07-23T19:11:16.378Z" },
    { url = "https://files.pythonhosted.org/packages/21/09/817a482f542f7570cbb4554b26e896610c7114f539b1d9e2d2145bf6bef6/ruff-0.16.0-py3-none-musllinux_1_2_i686.whl", hash = "sha256:33a3dfac8c35f81498dea9181bccc2f4c4bc8f1521a1dd9406e77643e0f0fb09", size = 11063329, upload-time = "2026-07-23T19:11:19.173Z" },
    { url = "https://files.pythonhosted.org/packages/2e/23/9403c180ca1cb9b1f7335f5c3e5305c09d49ea5b345196682a36028bde4a/ruff-0.16.0-py3-none-musllinux_1_2_x86_64.whl", hash = "sha256:a5237a0bda500d30d81b8e07a6973a5cbc772864cbf746ae2f4e8a2e01c9f4ed", size = 11489751, upload-time = "2026-07-23T19:11:21.74Z" },
    { url = "https://files.pythonhosted.org/packages/b2/1d/1b2ef7bcde851c78d7f17f1cca13fd6dc695fc4b3d6197941e72cae5b132/ruff-0.16.0-py3-none-win32.whl", hash = "sha256:7fab76fa065c873f41ff744347c6e77bcc3dfec4bcc754dc26b63d23c0f7f5fb", size = 10785885, upload-time = "2026-07-23T19:11:23.947Z" },
    { url = "https://files.pythonhosted.org/packages/b2/a3/d5e4ef7a56be3f928ffb90b94c25ba7d3cb9c7fe0736aeaaedf361770712/ruff-0.16.0-py3-none-win_amd64.whl", hash = "sha256:429c117f022bf481fabd9d551e7a3952b24c65e6ef44337ea09d90bebef14472", size = 11923141, upload-time = "2026-07-23T19:11:26.409Z" },
    { url = "https://files.pythonhosted.org/packages/cb/9a/8415f2657cbe200f41a4531ccededf135505a92d4a012229121f885b26f9/ruff-0.16.0-py3-none-win_arm64.whl", hash = "sha256:14296fedcd2705c77ab8235439278bbb38f285cf7da5528b00b3e330c3d4872d", size = 11273407, upload-time = "2026-07-23T19:11:28.705Z" },
]

[[package]]
name = "six"
version = "1.17.0"
source = { registry = "https://pypi.org/simple" }
sdist = { url = "https://files.pythonhosted.org/packages/94/e7/b2c673351809dca68a0e064b6af791aa332cf192da575fd474ed7d6f16a2/six-1.17.0.tar.gz", hash = "sha256:ff70335d468e7eb6ec65b95b99d3a2836546063f63acc5171de367e834932a81", size = 34031, upload-time = "2024-12-04T17:35:28.174Z" }
wheels = [
    { url = "https://files.pythonhosted.org/packages/b7/ce/149a00dd41f10bc29e5921b496af8b574d8413afcd5e30dfa0ed46c2cc5e/six-1.17.0-py2.py3-none-any.whl", hash = "sha256:4721f391ed90541fddacab5acf947aa0d3dc7d27b2e1e8eda2be8970586c3274", size = 11050, upload-time = "2024-12-04T17:35:26.475Z" },
]
